
Microsoft Visual Studio Solution File, Format Version 12.00
# Visual Studio Version 17
VisualStudioVersion = 17.9.34622.214
MinimumVisualStudioVersion = 10.0.40219.1
Project("{FAE04EC0-301F-11D3-BF4B-00C04F79EFBC}") = "ConAppForecast", "ConAppForecast\ConAppForecast.csproj", "{225EAAE5-AC91-4B7F-B349-57AE137B4539}"
EndProject
Project("{9A19103F-16F7-4668-BE54-9A1E7A4F7556}") = "MLModel1_WebApi1", "MLModel1_WebApi1\MLModel1_WebApi1.csproj", "{A350E2B7-0B71-4EE5-80E3-6A05A91AFB7B}"
EndProject
Global
	GlobalSection(SolutionConfigurationPlatforms) = preSolution
		Debug|Any CPU = Debug|Any CPU
		Release|Any CPU = Release|Any CPU
	EndGlobalSection
	GlobalSection(ProjectConfigurationPlatforms) = postSolution
		{225EAAE5-AC91-4B7F-B349-57AE137B4539}.Debug|Any CPU.ActiveCfg = Debug|Any CPU
		{225EAAE5-AC91-4B7F-B349-57AE137B4539}.Debug|Any CPU.Build.0 = Debug|Any CPU
		{225EAAE5-AC91-4B7F-B349-57AE137B4539}.Release|Any CPU.ActiveCfg = Release|Any CPU
		{225EAAE5-AC91-4B7F-B349-57AE137B4539}.Release|Any CPU.Build.0 = Release|Any CPU
		{A350E2B7-0B71-4EE5-80E3-6A05A91AFB7B}.Debug|Any CPU.ActiveCfg = Debug|Any CPU
		{A350E2B7-0B71-4EE5-80E3-6A05A91AFB7B}.Debug|Any CPU.Build.0 = Debug|Any CPU
		{A350E2B7-0B71-4EE5-80E3-6A05A91AFB7B}.Release|Any CPU.ActiveCfg = Release|Any CPU
		{A350E2B7-0B71-4EE5-80E3-6A05A91AFB7B}.Release|Any CPU.Build.0 = Release|Any CPU
	EndGlobalSection
	GlobalSection(SolutionProperties) = preSolution
		HideSolutionNode = FALSE
	EndGlobalSection
	GlobalSection(ExtensibilityGlobals) = postSolution
		SolutionGuid = {8B72B57F-196C-4DA1-B2F2-D8C31B20F14D}
	EndGlobalSection
EndGlobal
