
Microsoft Visual Studio Solution File, Format Version 12.00
# Visual Studio Version 17
VisualStudioVersion = 17.9.34622.214
MinimumVisualStudioVersion = 10.0.40219.1
Project("{FAE04EC0-301F-11D3-BF4B-00C04F79EFBC}") = "ConAppCallPredictAPI", "ConAppCallPredictAPI\ConAppCallPredictAPI.csproj", "{492B2140-02F0-4297-BED9-DA9FCC6F16A1}"
EndProject
Global
	GlobalSection(SolutionConfigurationPlatforms) = preSolution
		Debug|Any CPU = Debug|Any CPU
		Release|Any CPU = Release|Any CPU
	EndGlobalSection
	GlobalSection(ProjectConfigurationPlatforms) = postSolution
		{492B2140-02F0-4297-BED9-DA9FCC6F16A1}.Debug|Any CPU.ActiveCfg = Debug|Any CPU
		{492B2140-02F0-4297-BED9-DA9FCC6F16A1}.Debug|Any CPU.Build.0 = Debug|Any CPU
		{492B2140-02F0-4297-BED9-DA9FCC6F16A1}.Release|Any CPU.ActiveCfg = Release|Any CPU
		{492B2140-02F0-4297-BED9-DA9FCC6F16A1}.Release|Any CPU.Build.0 = Release|Any CPU
	EndGlobalSection
	GlobalSection(SolutionProperties) = preSolution
		HideSolutionNode = FALSE
	EndGlobalSection
	GlobalSection(ExtensibilityGlobals) = postSolution
		SolutionGuid = {D994B138-1692-45D0-9D2E-E045BF467833}
	EndGlobalSection
EndGlobal
