
Microsoft Visual Studio Solution File, Format Version 12.00
# Visual Studio Version 17
VisualStudioVersion = 17.12.35527.113 d17.12
MinimumVisualStudioVersion = 10.0.40219.1
Project("{FAE04EC0-301F-11D3-BF4B-00C04F79EFBC}") = "ConApptextClassificanNew", "ConApptextClassificanNew\ConApptextClassificanNew.csproj", "{1819C521-F906-4726-BE59-5C5466EC9F93}"
EndProject
Project("{FAE04EC0-301F-11D3-BF4B-00C04F79EFBC}") = "MLModel1_ConsoleApp1", "MLModel1_ConsoleApp1\MLModel1_ConsoleApp1.csproj", "{FD0829C9-FB4D-49B8-9A20-57EA4D6B95B4}"
EndProject
Global
	GlobalSection(SolutionConfigurationPlatforms) = preSolution
		Debug|Any CPU = Debug|Any CPU
		Release|Any CPU = Release|Any CPU
	EndGlobalSection
	GlobalSection(ProjectConfigurationPlatforms) = postSolution
		{1819C521-F906-4726-BE59-5C5466EC9F93}.Debug|Any CPU.ActiveCfg = Debug|Any CPU
		{1819C521-F906-4726-BE59-5C5466EC9F93}.Debug|Any CPU.Build.0 = Debug|Any CPU
		{1819C521-F906-4726-BE59-5C5466EC9F93}.Release|Any CPU.ActiveCfg = Release|Any CPU
		{1819C521-F906-4726-BE59-5C5466EC9F93}.Release|Any CPU.Build.0 = Release|Any CPU
		{FD0829C9-FB4D-49B8-9A20-57EA4D6B95B4}.Debug|Any CPU.ActiveCfg = Debug|Any CPU
		{FD0829C9-FB4D-49B8-9A20-57EA4D6B95B4}.Debug|Any CPU.Build.0 = Debug|Any CPU
		{FD0829C9-FB4D-49B8-9A20-57EA4D6B95B4}.Release|Any CPU.ActiveCfg = Release|Any CPU
		{FD0829C9-FB4D-49B8-9A20-57EA4D6B95B4}.Release|Any CPU.Build.0 = Release|Any CPU
	EndGlobalSection
	GlobalSection(SolutionProperties) = preSolution
		HideSolutionNode = FALSE
	EndGlobalSection
EndGlobal
