
Microsoft Visual Studio Solution File, Format Version 12.00
# Visual Studio Version 16
VisualStudioVersion = 16.0.30803.129
MinimumVisualStudioVersion = 10.0.40219.1
Project("{9A19103F-16F7-4668-BE54-9A1E7A4F7556}") = "ConAppDiamond", "ConAppDiamond\ConAppDiamond.csproj", "{323AFA6A-7C0E-4367-94E2-3EAA8FE7E306}"
EndProject
Project("{9A19103F-16F7-4668-BE54-9A1E7A4F7556}") = "ConAppDiamondML.Model", "ConAppDiamondML.Model\ConAppDiamondML.Model.csproj", "{28820721-AD0F-442A-BF27-75586C661D5C}"
EndProject
Project("{9A19103F-16F7-4668-BE54-9A1E7A4F7556}") = "ConAppDiamondML.ConsoleApp", "ConAppDiamondML.ConsoleApp\ConAppDiamondML.ConsoleApp.csproj", "{B7B9A4F8-A3C8-4590-91FB-734BC7E397E9}"
EndProject
Global
	GlobalSection(SolutionConfigurationPlatforms) = preSolution
		Debug|Any CPU = Debug|Any CPU
		Release|Any CPU = Release|Any CPU
	EndGlobalSection
	GlobalSection(ProjectConfigurationPlatforms) = postSolution
		{323AFA6A-7C0E-4367-94E2-3EAA8FE7E306}.Debug|Any CPU.ActiveCfg = Debug|Any CPU
		{323AFA6A-7C0E-4367-94E2-3EAA8FE7E306}.Debug|Any CPU.Build.0 = Debug|Any CPU
		{323AFA6A-7C0E-4367-94E2-3EAA8FE7E306}.Release|Any CPU.ActiveCfg = Release|Any CPU
		{323AFA6A-7C0E-4367-94E2-3EAA8FE7E306}.Release|Any CPU.Build.0 = Release|Any CPU
		{28820721-AD0F-442A-BF27-75586C661D5C}.Debug|Any CPU.ActiveCfg = Debug|Any CPU
		{28820721-AD0F-442A-BF27-75586C661D5C}.Debug|Any CPU.Build.0 = Debug|Any CPU
		{28820721-AD0F-442A-BF27-75586C661D5C}.Release|Any CPU.ActiveCfg = Release|Any CPU
		{28820721-AD0F-442A-BF27-75586C661D5C}.Release|Any CPU.Build.0 = Release|Any CPU
		{B7B9A4F8-A3C8-4590-91FB-734BC7E397E9}.Debug|Any CPU.ActiveCfg = Debug|Any CPU
		{B7B9A4F8-A3C8-4590-91FB-734BC7E397E9}.Debug|Any CPU.Build.0 = Debug|Any CPU
		{B7B9A4F8-A3C8-4590-91FB-734BC7E397E9}.Release|Any CPU.ActiveCfg = Release|Any CPU
		{B7B9A4F8-A3C8-4590-91FB-734BC7E397E9}.Release|Any CPU.Build.0 = Release|Any CPU
	EndGlobalSection
	GlobalSection(SolutionProperties) = preSolution
		HideSolutionNode = FALSE
	EndGlobalSection
	GlobalSection(ExtensibilityGlobals) = postSolution
		SolutionGuid = {9C1C0602-81F3-4FFD-A72B-AE02D8B99833}
	EndGlobalSection
EndGlobal
